
Microsoft Visual Studio Solution File, Format Version 12.00
# Visual Studio Version 17
VisualStudioVersion = 17.2.32630.192
MinimumVisualStudioVersion = 10.0.40219.1
Project("{FAE04EC0-301F-11D3-BF4B-00C04F79EFBC}") = "ProductReview", "ProductReview\ProductReview.csproj", "{B9C1C9FA-4803-44F4-8D60-689FFDCDABD9}"
EndProject
Global
	GlobalSection(SolutionConfigurationPlatforms) = preSolution
		Debug|Any CPU = Debug|Any CPU
		Release|Any CPU = Release|Any CPU
	EndGlobalSection
	GlobalSection(ProjectConfigurationPlatforms) = postSolution
		{B9C1C9FA-4803-44F4-8D60-689FFDCDABD9}.Debug|Any CPU.ActiveCfg = Debug|Any CPU
		{B9C1C9FA-4803-44F4-8D60-689FFDCDABD9}.Debug|Any CPU.Build.0 = Debug|Any CPU
		{B9C1C9FA-4803-44F4-8D60-689FFDCDABD9}.Release|Any CPU.ActiveCfg = Release|Any CPU
		{B9C1C9FA-4803-44F4-8D60-689FFDCDABD9}.Release|Any CPU.Build.0 = Release|Any CPU
	EndGlobalSection
	GlobalSection(SolutionProperties) = preSolution
		HideSolutionNode = FALSE
	EndGlobalSection
	GlobalSection(ExtensibilityGlobals) = postSolution
		SolutionGuid = {8FF1D47E-E4BE-47AE-9777-ECA8F7ED9BA3}
	EndGlobalSection
EndGlobal
